
Microsoft Visual Studio Solution File, Format Version 12.00
# Visual Studio Version 16
VisualStudioVersion = 16.0.29911.84
MinimumVisualStudioVersion = 10.0.40219.1
Project("{FAE04EC0-301F-11D3-BF4B-00C04F79EFBC}") = "Cryptographer", "Cryptographer\Cryptographer.csproj", "{C28F0A67-8808-4EA8-A4F0-DB743A6E6584}"
EndProject
Global
	GlobalSection(SolutionConfigurationPlatforms) = preSolution
		Debug|Any CPU = Debug|Any CPU
		Release|Any CPU = Release|Any CPU
	EndGlobalSection
	GlobalSection(ProjectConfigurationPlatforms) = postSolution
		{C28F0A67-8808-4EA8-A4F0-DB743A6E6584}.Debug|Any CPU.ActiveCfg = Debug|Any CPU
		{C28F0A67-8808-4EA8-A4F0-DB743A6E6584}.Debug|Any CPU.Build.0 = Debug|Any CPU
		{C28F0A67-8808-4EA8-A4F0-DB743A6E6584}.Release|Any CPU.ActiveCfg = Release|Any CPU
		{C28F0A67-8808-4EA8-A4F0-DB743A6E6584}.Release|Any CPU.Build.0 = Release|Any CPU
	EndGlobalSection
	GlobalSection(SolutionProperties) = preSolution
		HideSolutionNode = FALSE
	EndGlobalSection
	GlobalSection(ExtensibilityGlobals) = postSolution
		SolutionGuid = {F34C6352-4AE7-432D-96DF-6D7B12DF8836}
	EndGlobalSection
EndGlobal
